
Microsoft Visual Studio Solution File, Format Version 12.00
# Visual Studio Version 17
VisualStudioVersion = 17.3.32929.385
MinimumVisualStudioVersion = 10.0.40219.1
Project("{9A19103F-16F7-4668-BE54-9A1E7A4F7556}") = "LoanManagementSystem.API", "LoanManagementSystem.API\LoanManagementSystem.API.csproj", "{87993C5F-D1A3-47AB-AABE-44B7A0B23994}"
EndProject
Project("{9A19103F-16F7-4668-BE54-9A1E7A4F7556}") = "LoanManagementSystem.Models", "LoanManagementSystem.Models\LoanManagementSystem.Models.csproj", "{F351298C-7572-429C-ADAB-CCBFCB03E880}"
EndProject
Project("{9A19103F-16F7-4668-BE54-9A1E7A4F7556}") = "LoanManagementSystem.Data", "LoanManagementSystem.Data\LoanManagementSystem.Data.csproj", "{14D880AE-E9CA-4B94-AE76-848FFF3F8EEB}"
EndProject
Project("{9A19103F-16F7-4668-BE54-9A1E7A4F7556}") = "LoanManagementSystem.Services", "LoanManagementSystem.Services\LoanManagementSystem.Services.csproj", "{C9A745F7-5A4A-490B-B955-F84F3EF277A3}"
EndProject
Global
	GlobalSection(SolutionConfigurationPlatforms) = preSolution
		Debug|Any CPU = Debug|Any CPU
		Release|Any CPU = Release|Any CPU
	EndGlobalSection
	GlobalSection(ProjectConfigurationPlatforms) = postSolution
		{87993C5F-D1A3-47AB-AABE-44B7A0B23994}.Debug|Any CPU.ActiveCfg = Debug|Any CPU
		{87993C5F-D1A3-47AB-AABE-44B7A0B23994}.Debug|Any CPU.Build.0 = Debug|Any CPU
		{87993C5F-D1A3-47AB-AABE-44B7A0B23994}.Release|Any CPU.ActiveCfg = Release|Any CPU
		{87993C5F-D1A3-47AB-AABE-44B7A0B23994}.Release|Any CPU.Build.0 = Release|Any CPU
		{F351298C-7572-429C-ADAB-CCBFCB03E880}.Debug|Any CPU.ActiveCfg = Debug|Any CPU
		{F351298C-7572-429C-ADAB-CCBFCB03E880}.Debug|Any CPU.Build.0 = Debug|Any CPU
		{F351298C-7572-429C-ADAB-CCBFCB03E880}.Release|Any CPU.ActiveCfg = Release|Any CPU
		{F351298C-7572-429C-ADAB-CCBFCB03E880}.Release|Any CPU.Build.0 = Release|Any CPU
		{14D880AE-E9CA-4B94-AE76-848FFF3F8EEB}.Debug|Any CPU.ActiveCfg = Debug|Any CPU
		{14D880AE-E9CA-4B94-AE76-848FFF3F8EEB}.Debug|Any CPU.Build.0 = Debug|Any CPU
		{14D880AE-E9CA-4B94-AE76-848FFF3F8EEB}.Release|Any CPU.ActiveCfg = Release|Any CPU
		{14D880AE-E9CA-4B94-AE76-848FFF3F8EEB}.Release|Any CPU.Build.0 = Release|Any CPU
		{C9A745F7-5A4A-490B-B955-F84F3EF277A3}.Debug|Any CPU.ActiveCfg = Debug|Any CPU
		{C9A745F7-5A4A-490B-B955-F84F3EF277A3}.Debug|Any CPU.Build.0 = Debug|Any CPU
		{C9A745F7-5A4A-490B-B955-F84F3EF277A3}.Release|Any CPU.ActiveCfg = Release|Any CPU
		{C9A745F7-5A4A-490B-B955-F84F3EF277A3}.Release|Any CPU.Build.0 = Release|Any CPU
	EndGlobalSection
	GlobalSection(SolutionProperties) = preSolution
		HideSolutionNode = FALSE
	EndGlobalSection
	GlobalSection(ExtensibilityGlobals) = postSolution
		SolutionGuid = {60A4D886-60EE-402A-A246-609637B81E6C}
	EndGlobalSection
EndGlobal
